
Microsoft Visual Studio Solution File, Format Version 12.00
# Visual Studio Version 16
VisualStudioVersion = 16.0.31702.278
MinimumVisualStudioVersion = 10.0.40219.1
Project("{8BC9CEB8-8B4A-11D0-8D11-00A0C91BC942}") = "domashka 1", "domashka 1\domashka 1.vcxproj", "{65B3AD83-5C6F-4ADA-A5CE-4D8E5D4F02FC}"
EndProject
Project("{8BC9CEB8-8B4A-11D0-8D11-00A0C91BC942}") = "domashka 2", "domashka 2\domashka 2.vcxproj", "{C7B67173-90F7-4C9D-923E-A0E88A7978AC}"
EndProject
Project("{8BC9CEB8-8B4A-11D0-8D11-00A0C91BC942}") = "domashka 3", "domashka 3\domashka 3.vcxproj", "{AA56CEB1-A7E8-4E9A-995C-E252D4B2FE66}"
EndProject
Project("{8BC9CEB8-8B4A-11D0-8D11-00A0C91BC942}") = "domashka 4", "domashka 4\domashka 4.vcxproj", "{23D1B0D2-995E-4324-B28B-876C86D0B6C0}"
EndProject
Project("{8BC9CEB8-8B4A-11D0-8D11-00A0C91BC942}") = "domashka 5", "domashka 5\domashka 5.vcxproj", "{256CD8EC-BE42-45BC-9E85-2B5C9A1E90A2}"
EndProject
Project("{8BC9CEB8-8B4A-11D0-8D11-00A0C91BC942}") = "domashka 6", "domashka 6\domashka 6.vcxproj", "{95EB5CD2-F3F8-4F8E-A4CC-1C34C8C0CAFB}"
EndProject
Project("{8BC9CEB8-8B4A-11D0-8D11-00A0C91BC942}") = "domashka 7", "domashka 7\domashka 7.vcxproj", "{20D55B3C-C926-43B5-B2FB-EAD5737770A7}"
EndProject
Project("{8BC9CEB8-8B4A-11D0-8D11-00A0C91BC942}") = "domashka 8", "domashka 8\domashka 8.vcxproj", "{B3BA5870-902D-4995-80D9-4F294F0B3FFB}"
EndProject
Project("{8BC9CEB8-8B4A-11D0-8D11-00A0C91BC942}") = "domashka 9", "domashka 9\domashka 9.vcxproj", "{4A185C5B-C7E3-4508-AC8F-B5C51B7FF65C}"
EndProject
Global
	GlobalSection(SolutionConfigurationPlatforms) = preSolution
		Debug|x64 = Debug|x64
		Debug|x86 = Debug|x86
		Release|x64 = Release|x64
		Release|x86 = Release|x86
	EndGlobalSection
	GlobalSection(ProjectConfigurationPlatforms) = postSolution
		{65B3AD83-5C6F-4ADA-A5CE-4D8E5D4F02FC}.Debug|x64.ActiveCfg = Debug|x64
		{65B3AD83-5C6F-4ADA-A5CE-4D8E5D4F02FC}.Debug|x64.Build.0 = Debug|x64
		{65B3AD83-5C6F-4ADA-A5CE-4D8E5D4F02FC}.Debug|x86.ActiveCfg = Debug|Win32
		{65B3AD83-5C6F-4ADA-A5CE-4D8E5D4F02FC}.Debug|x86.Build.0 = Debug|Win32
		{65B3AD83-5C6F-4ADA-A5CE-4D8E5D4F02FC}.Release|x64.ActiveCfg = Release|x64
		{65B3AD83-5C6F-4ADA-A5CE-4D8E5D4F02FC}.Release|x64.Build.0 = Release|x64
		{65B3AD83-5C6F-4ADA-A5CE-4D8E5D4F02FC}.Release|x86.ActiveCfg = Release|Win32
		{65B3AD83-5C6F-4ADA-A5CE-4D8E5D4F02FC}.Release|x86.Build.0 = Release|Win32
		{C7B67173-90F7-4C9D-923E-A0E88A7978AC}.Debug|x64.ActiveCfg = Debug|x64
		{C7B67173-90F7-4C9D-923E-A0E88A7978AC}.Debug|x64.Build.0 = Debug|x64
		{C7B67173-90F7-4C9D-923E-A0E88A7978AC}.Debug|x86.ActiveCfg = Debug|Win32
		{C7B67173-90F7-4C9D-923E-A0E88A7978AC}.Debug|x86.Build.0 = Debug|Win32
		{C7B67173-90F7-4C9D-923E-A0E88A7978AC}.Release|x64.ActiveCfg = Release|x64
		{C7B67173-90F7-4C9D-923E-A0E88A7978AC}.Release|x64.Build.0 = Release|x64
		{C7B67173-90F7-4C9D-923E-A0E88A7978AC}.Release|x86.ActiveCfg = Release|Win32
		{C7B67173-90F7-4C9D-923E-A0E88A7978AC}.Release|x86.Build.0 = Release|Win32
		{AA56CEB1-A7E8-4E9A-995C-E252D4B2FE66}.Debug|x64.ActiveCfg = Debug|x64
		{AA56CEB1-A7E8-4E9A-995C-E252D4B2FE66}.Debug|x64.Build.0 = Debug|x64
		{AA56CEB1-A7E8-4E9A-995C-E252D4B2FE66}.Debug|x86.ActiveCfg = Debug|Win32
		{AA56CEB1-A7E8-4E9A-995C-E252D4B2FE66}.Debug|x86.Build.0 = Debug|Win32
		{AA56CEB1-A7E8-4E9A-995C-E252D4B2FE66}.Release|x64.ActiveCfg = Release|x64
		{AA56CEB1-A7E8-4E9A-995C-E252D4B2FE66}.Release|x64.Build.0 = Release|x64
		{AA56CEB1-A7E8-4E9A-995C-E252D4B2FE66}.Release|x86.ActiveCfg = Release|Win32
		{AA56CEB1-A7E8-4E9A-995C-E252D4B2FE66}.Release|x86.Build.0 = Release|Win32
		{23D1B0D2-995E-4324-B28B-876C86D0B6C0}.Debug|x64.ActiveCfg = Debug|x64
		{23D1B0D2-995E-4324-B28B-876C86D0B6C0}.Debug|x64.Build.0 = Debug|x64
		{23D1B0D2-995E-4324-B28B-876C86D0B6C0}.Debug|x86.ActiveCfg = Debug|Win32
		{23D1B0D2-995E-4324-B28B-876C86D0B6C0}.Debug|x86.Build.0 = Debug|Win32
		{23D1B0D2-995E-4324-B28B-876C86D0B6C0}.Release|x64.ActiveCfg = Release|x64
		{23D1B0D2-995E-4324-B28B-876C86D0B6C0}.Release|x64.Build.0 = Release|x64
		{23D1B0D2-995E-4324-B28B-876C86D0B6C0}.Release|x86.ActiveCfg = Release|Win32
		{23D1B0D2-995E-4324-B28B-876C86D0B6C0}.Release|x86.Build.0 = Release|Win32
		{256CD8EC-BE42-45BC-9E85-2B5C9A1E90A2}.Debug|x64.ActiveCfg = Debug|x64
		{256CD8EC-BE42-45BC-9E85-2B5C9A1E90A2}.Debug|x64.Build.0 = Debug|x64
		{256CD8EC-BE42-45BC-9E85-2B5C9A1E90A2}.Debug|x86.ActiveCfg = Debug|Win32
		{256CD8EC-BE42-45BC-9E85-2B5C9A1E90A2}.Debug|x86.Build.0 = Debug|Win32
		{256CD8EC-BE42-45BC-9E85-2B5C9A1E90A2}.Release|x64.ActiveCfg = Release|x64
		{256CD8EC-BE42-45BC-9E85-2B5C9A1E90A2}.Release|x64.Build.0 = Release|x64
		{256CD8EC-BE42-45BC-9E85-2B5C9A1E90A2}.Release|x86.ActiveCfg = Release|Win32
		{256CD8EC-BE42-45BC-9E85-2B5C9A1E90A2}.Release|x86.Build.0 = Release|Win32
		{95EB5CD2-F3F8-4F8E-A4CC-1C34C8C0CAFB}.Debug|x64.ActiveCfg = Debug|x64
		{95EB5CD2-F3F8-4F8E-A4CC-1C34C8C0CAFB}.Debug|x64.Build.0 = Debug|x64
		{95EB5CD2-F3F8-4F8E-A4CC-1C34C8C0CAFB}.Debug|x86.ActiveCfg = Debug|Win32
		{95EB5CD2-F3F8-4F8E-A4CC-1C34C8C0CAFB}.Debug|x86.Build.0 = Debug|Win32
		{95EB5CD2-F3F8-4F8E-A4CC-1C34C8C0CAFB}.Release|x64.ActiveCfg = Release|x64
		{95EB5CD2-F3F8-4F8E-A4CC-1C34C8C0CAFB}.Release|x64.Build.0 = Release|x64
		{95EB5CD2-F3F8-4F8E-A4CC-1C34C8C0CAFB}.Release|x86.ActiveCfg = Release|Win32
		{95EB5CD2-F3F8-4F8E-A4CC-1C34C8C0CAFB}.Release|x86.Build.0 = Release|Win32
		{20D55B3C-C926-43B5-B2FB-EAD5737770A7}.Debug|x64.ActiveCfg = Debug|x64
		{20D55B3C-C926-43B5-B2FB-EAD5737770A7}.Debug|x64.Build.0 = Debug|x64
		{20D55B3C-C926-43B5-B2FB-EAD5737770A7}.Debug|x86.ActiveCfg = Debug|Win32
		{20D55B3C-C926-43B5-B2FB-EAD5737770A7}.Debug|x86.Build.0 = Debug|Win32
		{20D55B3C-C926-43B5-B2FB-EAD5737770A7}.Release|x64.ActiveCfg = Release|x64
		{20D55B3C-C926-43B5-B2FB-EAD5737770A7}.Release|x64.Build.0 = Release|x64
		{20D55B3C-C926-43B5-B2FB-EAD5737770A7}.Release|x86.ActiveCfg = Release|Win32
		{20D55B3C-C926-43B5-B2FB-EAD5737770A7}.Release|x86.Build.0 = Release|Win32
		{B3BA5870-902D-4995-80D9-4F294F0B3FFB}.Debug|x64.ActiveCfg = Debug|x64
		{B3BA5870-902D-4995-80D9-4F294F0B3FFB}.Debug|x64.Build.0 = Debug|x64
		{B3BA5870-902D-4995-80D9-4F294F0B3FFB}.Debug|x86.ActiveCfg = Debug|Win32
		{B3BA5870-902D-4995-80D9-4F294F0B3FFB}.Debug|x86.Build.0 = Debug|Win32
		{B3BA5870-902D-4995-80D9-4F294F0B3FFB}.Release|x64.ActiveCfg = Release|x64
		{B3BA5870-902D-4995-80D9-4F294F0B3FFB}.Release|x64.Build.0 = Release|x64
		{B3BA5870-902D-4995-80D9-4F294F0B3FFB}.Release|x86.ActiveCfg = Release|Win32
		{B3BA5870-902D-4995-80D9-4F294F0B3FFB}.Release|x86.Build.0 = Release|Win32
		{4A185C5B-C7E3-4508-AC8F-B5C51B7FF65C}.Debug|x64.ActiveCfg = Debug|x64
		{4A185C5B-C7E3-4508-AC8F-B5C51B7FF65C}.Debug|x64.Build.0 = Debug|x64
		{4A185C5B-C7E3-4508-AC8F-B5C51B7FF65C}.Debug|x86.ActiveCfg = Debug|Win32
		{4A185C5B-C7E3-4508-AC8F-B5C51B7FF65C}.Debug|x86.Build.0 = Debug|Win32
		{4A185C5B-C7E3-4508-AC8F-B5C51B7FF65C}.Release|x64.ActiveCfg = Release|x64
		{4A185C5B-C7E3-4508-AC8F-B5C51B7FF65C}.Release|x64.Build.0 = Release|x64
		{4A185C5B-C7E3-4508-AC8F-B5C51B7FF65C}.Release|x86.ActiveCfg = Release|Win32
		{4A185C5B-C7E3-4508-AC8F-B5C51B7FF65C}.Release|x86.Build.0 = Release|Win32
	EndGlobalSection
	GlobalSection(SolutionProperties) = preSolution
		HideSolutionNode = FALSE
	EndGlobalSection
	GlobalSection(ExtensibilityGlobals) = postSolution
		SolutionGuid = {7FFFCDBB-66DD-44C9-8F7A-0EE13E2A6A7B}
	EndGlobalSection
EndGlobal
