
Microsoft Visual Studio Solution File, Format Version 12.00
# Visual Studio Version 16
VisualStudioVersion = 16.0.31702.278
MinimumVisualStudioVersion = 10.0.40219.1
Project("{8BC9CEB8-8B4A-11D0-8D11-00A0C91BC942}") = "domashka 2", "domashka 2\domashka 2.vcxproj", "{33E58A5A-4CF9-4877-8A4D-B6E9F2A0D189}"
EndProject
Project("{8BC9CEB8-8B4A-11D0-8D11-00A0C91BC942}") = "domashka 3", "domashka 3\domashka 3.vcxproj", "{AE588B06-F6AF-4339-8DA0-C3F04F0A38D2}"
EndProject
Project("{8BC9CEB8-8B4A-11D0-8D11-00A0C91BC942}") = "domashka 4", "domashka 4\domashka 4.vcxproj", "{1FF5A4F0-22DE-49FB-802E-644138D272F8}"
EndProject
Project("{8BC9CEB8-8B4A-11D0-8D11-00A0C91BC942}") = "domashka 5", "domashka 5\domashka 5.vcxproj", "{71D57DF7-0582-4C33-B2DE-9CCAF7E01E24}"
EndProject
Project("{8BC9CEB8-8B4A-11D0-8D11-00A0C91BC942}") = "domashka 6", "domashka 6\domashka 6.vcxproj", "{B0FA66BF-B6A2-45C6-B624-2BDF2F89E99A}"
EndProject
Project("{8BC9CEB8-8B4A-11D0-8D11-00A0C91BC942}") = "domashka 7", "domashka 7\domashka 7.vcxproj", "{16239E68-D4DA-4A02-A8F7-720C7E13ED9D}"
EndProject
Project("{8BC9CEB8-8B4A-11D0-8D11-00A0C91BC942}") = "domashka 8", "domashka 8\domashka 8.vcxproj", "{B9E29BF5-DA87-41B9-99D4-7676BC444A73}"
EndProject
Project("{8BC9CEB8-8B4A-11D0-8D11-00A0C91BC942}") = "domashka 9", "domashka 9\domashka 9.vcxproj", "{3DCBD988-54B2-4317-8695-9CC2B222E896}"
EndProject
Project("{8BC9CEB8-8B4A-11D0-8D11-00A0C91BC942}") = "domashka 10", "domashka 10\domashka 10.vcxproj", "{873AC4DC-70C6-46C5-8E43-1FFFD8BF02D1}"
EndProject
Project("{8BC9CEB8-8B4A-11D0-8D11-00A0C91BC942}") = "domashka 1", "domashka 1\Project5.vcxproj", "{5371F85C-C0D5-41BC-A6BA-0D59F51955CA}"
EndProject
Global
	GlobalSection(SolutionConfigurationPlatforms) = preSolution
		Debug|x64 = Debug|x64
		Debug|x86 = Debug|x86
		Release|x64 = Release|x64
		Release|x86 = Release|x86
	EndGlobalSection
	GlobalSection(ProjectConfigurationPlatforms) = postSolution
		{33E58A5A-4CF9-4877-8A4D-B6E9F2A0D189}.Debug|x64.ActiveCfg = Debug|x64
		{33E58A5A-4CF9-4877-8A4D-B6E9F2A0D189}.Debug|x64.Build.0 = Debug|x64
		{33E58A5A-4CF9-4877-8A4D-B6E9F2A0D189}.Debug|x86.ActiveCfg = Debug|Win32
		{33E58A5A-4CF9-4877-8A4D-B6E9F2A0D189}.Debug|x86.Build.0 = Debug|Win32
		{33E58A5A-4CF9-4877-8A4D-B6E9F2A0D189}.Release|x64.ActiveCfg = Release|x64
		{33E58A5A-4CF9-4877-8A4D-B6E9F2A0D189}.Release|x64.Build.0 = Release|x64
		{33E58A5A-4CF9-4877-8A4D-B6E9F2A0D189}.Release|x86.ActiveCfg = Release|Win32
		{33E58A5A-4CF9-4877-8A4D-B6E9F2A0D189}.Release|x86.Build.0 = Release|Win32
		{AE588B06-F6AF-4339-8DA0-C3F04F0A38D2}.Debug|x64.ActiveCfg = Debug|x64
		{AE588B06-F6AF-4339-8DA0-C3F04F0A38D2}.Debug|x64.Build.0 = Debug|x64
		{AE588B06-F6AF-4339-8DA0-C3F04F0A38D2}.Debug|x86.ActiveCfg = Debug|Win32
		{AE588B06-F6AF-4339-8DA0-C3F04F0A38D2}.Debug|x86.Build.0 = Debug|Win32
		{AE588B06-F6AF-4339-8DA0-C3F04F0A38D2}.Release|x64.ActiveCfg = Release|x64
		{AE588B06-F6AF-4339-8DA0-C3F04F0A38D2}.Release|x64.Build.0 = Release|x64
		{AE588B06-F6AF-4339-8DA0-C3F04F0A38D2}.Release|x86.ActiveCfg = Release|Win32
		{AE588B06-F6AF-4339-8DA0-C3F04F0A38D2}.Release|x86.Build.0 = Release|Win32
		{1FF5A4F0-22DE-49FB-802E-644138D272F8}.Debug|x64.ActiveCfg = Debug|x64
		{1FF5A4F0-22DE-49FB-802E-644138D272F8}.Debug|x64.Build.0 = Debug|x64
		{1FF5A4F0-22DE-49FB-802E-644138D272F8}.Debug|x86.ActiveCfg = Debug|Win32
		{1FF5A4F0-22DE-49FB-802E-644138D272F8}.Debug|x86.Build.0 = Debug|Win32
		{1FF5A4F0-22DE-49FB-802E-644138D272F8}.Release|x64.ActiveCfg = Release|x64
		{1FF5A4F0-22DE-49FB-802E-644138D272F8}.Release|x64.Build.0 = Release|x64
		{1FF5A4F0-22DE-49FB-802E-644138D272F8}.Release|x86.ActiveCfg = Release|Win32
		{1FF5A4F0-22DE-49FB-802E-644138D272F8}.Release|x86.Build.0 = Release|Win32
		{71D57DF7-0582-4C33-B2DE-9CCAF7E01E24}.Debug|x64.ActiveCfg = Debug|x64
		{71D57DF7-0582-4C33-B2DE-9CCAF7E01E24}.Debug|x64.Build.0 = Debug|x64
		{71D57DF7-0582-4C33-B2DE-9CCAF7E01E24}.Debug|x86.ActiveCfg = Debug|Win32
		{71D57DF7-0582-4C33-B2DE-9CCAF7E01E24}.Debug|x86.Build.0 = Debug|Win32
		{71D57DF7-0582-4C33-B2DE-9CCAF7E01E24}.Release|x64.ActiveCfg = Release|x64
		{71D57DF7-0582-4C33-B2DE-9CCAF7E01E24}.Release|x64.Build.0 = Release|x64
		{71D57DF7-0582-4C33-B2DE-9CCAF7E01E24}.Release|x86.ActiveCfg = Release|Win32
		{71D57DF7-0582-4C33-B2DE-9CCAF7E01E24}.Release|x86.Build.0 = Release|Win32
		{B0FA66BF-B6A2-45C6-B624-2BDF2F89E99A}.Debug|x64.ActiveCfg = Debug|x64
		{B0FA66BF-B6A2-45C6-B624-2BDF2F89E99A}.Debug|x64.Build.0 = Debug|x64
		{B0FA66BF-B6A2-45C6-B624-2BDF2F89E99A}.Debug|x86.ActiveCfg = Debug|Win32
		{B0FA66BF-B6A2-45C6-B624-2BDF2F89E99A}.Debug|x86.Build.0 = Debug|Win32
		{B0FA66BF-B6A2-45C6-B624-2BDF2F89E99A}.Release|x64.ActiveCfg = Release|x64
		{B0FA66BF-B6A2-45C6-B624-2BDF2F89E99A}.Release|x64.Build.0 = Release|x64
		{B0FA66BF-B6A2-45C6-B624-2BDF2F89E99A}.Release|x86.ActiveCfg = Release|Win32
		{B0FA66BF-B6A2-45C6-B624-2BDF2F89E99A}.Release|x86.Build.0 = Release|Win32
		{16239E68-D4DA-4A02-A8F7-720C7E13ED9D}.Debug|x64.ActiveCfg = Debug|x64
		{16239E68-D4DA-4A02-A8F7-720C7E13ED9D}.Debug|x64.Build.0 = Debug|x64
		{16239E68-D4DA-4A02-A8F7-720C7E13ED9D}.Debug|x86.ActiveCfg = Debug|Win32
		{16239E68-D4DA-4A02-A8F7-720C7E13ED9D}.Debug|x86.Build.0 = Debug|Win32
		{16239E68-D4DA-4A02-A8F7-720C7E13ED9D}.Release|x64.ActiveCfg = Release|x64
		{16239E68-D4DA-4A02-A8F7-720C7E13ED9D}.Release|x64.Build.0 = Release|x64
		{16239E68-D4DA-4A02-A8F7-720C7E13ED9D}.Release|x86.ActiveCfg = Release|Win32
		{16239E68-D4DA-4A02-A8F7-720C7E13ED9D}.Release|x86.Build.0 = Release|Win32
		{B9E29BF5-DA87-41B9-99D4-7676BC444A73}.Debug|x64.ActiveCfg = Debug|x64
		{B9E29BF5-DA87-41B9-99D4-7676BC444A73}.Debug|x64.Build.0 = Debug|x64
		{B9E29BF5-DA87-41B9-99D4-7676BC444A73}.Debug|x86.ActiveCfg = Debug|Win32
		{B9E29BF5-DA87-41B9-99D4-7676BC444A73}.Debug|x86.Build.0 = Debug|Win32
		{B9E29BF5-DA87-41B9-99D4-7676BC444A73}.Release|x64.ActiveCfg = Release|x64
		{B9E29BF5-DA87-41B9-99D4-7676BC444A73}.Release|x64.Build.0 = Release|x64
		{B9E29BF5-DA87-41B9-99D4-7676BC444A73}.Release|x86.ActiveCfg = Release|Win32
		{B9E29BF5-DA87-41B9-99D4-7676BC444A73}.Release|x86.Build.0 = Release|Win32
		{3DCBD988-54B2-4317-8695-9CC2B222E896}.Debug|x64.ActiveCfg = Debug|x64
		{3DCBD988-54B2-4317-8695-9CC2B222E896}.Debug|x64.Build.0 = Debug|x64
		{3DCBD988-54B2-4317-8695-9CC2B222E896}.Debug|x86.ActiveCfg = Debug|Win32
		{3DCBD988-54B2-4317-8695-9CC2B222E896}.Debug|x86.Build.0 = Debug|Win32
		{3DCBD988-54B2-4317-8695-9CC2B222E896}.Release|x64.ActiveCfg = Release|x64
		{3DCBD988-54B2-4317-8695-9CC2B222E896}.Release|x64.Build.0 = Release|x64
		{3DCBD988-54B2-4317-8695-9CC2B222E896}.Release|x86.ActiveCfg = Release|Win32
		{3DCBD988-54B2-4317-8695-9CC2B222E896}.Release|x86.Build.0 = Release|Win32
		{873AC4DC-70C6-46C5-8E43-1FFFD8BF02D1}.Debug|x64.ActiveCfg = Debug|x64
		{873AC4DC-70C6-46C5-8E43-1FFFD8BF02D1}.Debug|x64.Build.0 = Debug|x64
		{873AC4DC-70C6-46C5-8E43-1FFFD8BF02D1}.Debug|x86.ActiveCfg = Debug|Win32
		{873AC4DC-70C6-46C5-8E43-1FFFD8BF02D1}.Debug|x86.Build.0 = Debug|Win32
		{873AC4DC-70C6-46C5-8E43-1FFFD8BF02D1}.Release|x64.ActiveCfg = Release|x64
		{873AC4DC-70C6-46C5-8E43-1FFFD8BF02D1}.Release|x64.Build.0 = Release|x64
		{873AC4DC-70C6-46C5-8E43-1FFFD8BF02D1}.Release|x86.ActiveCfg = Release|Win32
		{873AC4DC-70C6-46C5-8E43-1FFFD8BF02D1}.Release|x86.Build.0 = Release|Win32
		{5371F85C-C0D5-41BC-A6BA-0D59F51955CA}.Debug|x64.ActiveCfg = Debug|x64
		{5371F85C-C0D5-41BC-A6BA-0D59F51955CA}.Debug|x64.Build.0 = Debug|x64
		{5371F85C-C0D5-41BC-A6BA-0D59F51955CA}.Debug|x86.ActiveCfg = Debug|Win32
		{5371F85C-C0D5-41BC-A6BA-0D59F51955CA}.Debug|x86.Build.0 = Debug|Win32
		{5371F85C-C0D5-41BC-A6BA-0D59F51955CA}.Release|x64.ActiveCfg = Release|x64
		{5371F85C-C0D5-41BC-A6BA-0D59F51955CA}.Release|x64.Build.0 = Release|x64
		{5371F85C-C0D5-41BC-A6BA-0D59F51955CA}.Release|x86.ActiveCfg = Release|Win32
		{5371F85C-C0D5-41BC-A6BA-0D59F51955CA}.Release|x86.Build.0 = Release|Win32
	EndGlobalSection
	GlobalSection(SolutionProperties) = preSolution
		HideSolutionNode = FALSE
	EndGlobalSection
	GlobalSection(ExtensibilityGlobals) = postSolution
		SolutionGuid = {655751EF-9BB3-4EB9-BC26-663691FB2241}
	EndGlobalSection
EndGlobal
