
Microsoft Visual Studio Solution File, Format Version 12.00
# Visual Studio Version 16
VisualStudioVersion = 16.0.31702.278
MinimumVisualStudioVersion = 10.0.40219.1
Project("{8BC9CEB8-8B4A-11D0-8D11-00A0C91BC942}") = "domashka 1", "domashka 1\domashka 1.vcxproj", "{011A6650-1561-49BD-95AD-C840764FDC4D}"
EndProject
Project("{8BC9CEB8-8B4A-11D0-8D11-00A0C91BC942}") = "domashka 2", "domashka 2\domashka 2.vcxproj", "{49A09817-71BF-4E77-BFE9-29ED99B19D5A}"
EndProject
Project("{8BC9CEB8-8B4A-11D0-8D11-00A0C91BC942}") = "domashka 3", "domashka 3\domashka 3.vcxproj", "{935B4CF2-CFFD-4670-8DDD-F413E246ED1C}"
EndProject
Project("{8BC9CEB8-8B4A-11D0-8D11-00A0C91BC942}") = "domashka 4", "domashka 4\domashka 4.vcxproj", "{20A6A221-FEC8-49B1-98C0-9251D7F81388}"
EndProject
Project("{8BC9CEB8-8B4A-11D0-8D11-00A0C91BC942}") = "domashka 5", "domashka 5\domashka 5.vcxproj", "{0050C7AB-3C91-4C9C-B73D-41059977C5F2}"
EndProject
Project("{8BC9CEB8-8B4A-11D0-8D11-00A0C91BC942}") = "domashka 6", "domashka 6\domashka 6.vcxproj", "{6D9CDA0B-1428-4B68-832E-2DE6C180579C}"
EndProject
Project("{8BC9CEB8-8B4A-11D0-8D11-00A0C91BC942}") = "domashka 7", "domashka 7\domashka 7.vcxproj", "{9C255AC0-B90C-45BE-AFFD-65D2C0300D8C}"
EndProject
Project("{8BC9CEB8-8B4A-11D0-8D11-00A0C91BC942}") = "domashka 8", "domashka 8\domashka 8.vcxproj", "{6F37DED1-93E3-40AE-8B2E-5055C683A201}"
EndProject
Project("{8BC9CEB8-8B4A-11D0-8D11-00A0C91BC942}") = "domashka 9", "domashka 9\domashka 9.vcxproj", "{63AB6D2E-A4F9-43F1-8B7E-D5CA85246F30}"
EndProject
Project("{8BC9CEB8-8B4A-11D0-8D11-00A0C91BC942}") = "domashka 10", "domashka 10\domashka 10.vcxproj", "{5F5E345B-C7D9-437B-B689-0C90FDBF64A5}"
EndProject
Global
	GlobalSection(SolutionConfigurationPlatforms) = preSolution
		Debug|x64 = Debug|x64
		Debug|x86 = Debug|x86
		Release|x64 = Release|x64
		Release|x86 = Release|x86
	EndGlobalSection
	GlobalSection(ProjectConfigurationPlatforms) = postSolution
		{011A6650-1561-49BD-95AD-C840764FDC4D}.Debug|x64.ActiveCfg = Debug|x64
		{011A6650-1561-49BD-95AD-C840764FDC4D}.Debug|x64.Build.0 = Debug|x64
		{011A6650-1561-49BD-95AD-C840764FDC4D}.Debug|x86.ActiveCfg = Debug|Win32
		{011A6650-1561-49BD-95AD-C840764FDC4D}.Debug|x86.Build.0 = Debug|Win32
		{011A6650-1561-49BD-95AD-C840764FDC4D}.Release|x64.ActiveCfg = Release|x64
		{011A6650-1561-49BD-95AD-C840764FDC4D}.Release|x64.Build.0 = Release|x64
		{011A6650-1561-49BD-95AD-C840764FDC4D}.Release|x86.ActiveCfg = Release|Win32
		{011A6650-1561-49BD-95AD-C840764FDC4D}.Release|x86.Build.0 = Release|Win32
		{49A09817-71BF-4E77-BFE9-29ED99B19D5A}.Debug|x64.ActiveCfg = Debug|x64
		{49A09817-71BF-4E77-BFE9-29ED99B19D5A}.Debug|x64.Build.0 = Debug|x64
		{49A09817-71BF-4E77-BFE9-29ED99B19D5A}.Debug|x86.ActiveCfg = Debug|Win32
		{49A09817-71BF-4E77-BFE9-29ED99B19D5A}.Debug|x86.Build.0 = Debug|Win32
		{49A09817-71BF-4E77-BFE9-29ED99B19D5A}.Release|x64.ActiveCfg = Release|x64
		{49A09817-71BF-4E77-BFE9-29ED99B19D5A}.Release|x64.Build.0 = Release|x64
		{49A09817-71BF-4E77-BFE9-29ED99B19D5A}.Release|x86.ActiveCfg = Release|Win32
		{49A09817-71BF-4E77-BFE9-29ED99B19D5A}.Release|x86.Build.0 = Release|Win32
		{935B4CF2-CFFD-4670-8DDD-F413E246ED1C}.Debug|x64.ActiveCfg = Debug|x64
		{935B4CF2-CFFD-4670-8DDD-F413E246ED1C}.Debug|x64.Build.0 = Debug|x64
		{935B4CF2-CFFD-4670-8DDD-F413E246ED1C}.Debug|x86.ActiveCfg = Debug|Win32
		{935B4CF2-CFFD-4670-8DDD-F413E246ED1C}.Debug|x86.Build.0 = Debug|Win32
		{935B4CF2-CFFD-4670-8DDD-F413E246ED1C}.Release|x64.ActiveCfg = Release|x64
		{935B4CF2-CFFD-4670-8DDD-F413E246ED1C}.Release|x64.Build.0 = Release|x64
		{935B4CF2-CFFD-4670-8DDD-F413E246ED1C}.Release|x86.ActiveCfg = Release|Win32
		{935B4CF2-CFFD-4670-8DDD-F413E246ED1C}.Release|x86.Build.0 = Release|Win32
		{20A6A221-FEC8-49B1-98C0-9251D7F81388}.Debug|x64.ActiveCfg = Debug|x64
		{20A6A221-FEC8-49B1-98C0-9251D7F81388}.Debug|x64.Build.0 = Debug|x64
		{20A6A221-FEC8-49B1-98C0-9251D7F81388}.Debug|x86.ActiveCfg = Debug|Win32
		{20A6A221-FEC8-49B1-98C0-9251D7F81388}.Debug|x86.Build.0 = Debug|Win32
		{20A6A221-FEC8-49B1-98C0-9251D7F81388}.Release|x64.ActiveCfg = Release|x64
		{20A6A221-FEC8-49B1-98C0-9251D7F81388}.Release|x64.Build.0 = Release|x64
		{20A6A221-FEC8-49B1-98C0-9251D7F81388}.Release|x86.ActiveCfg = Release|Win32
		{20A6A221-FEC8-49B1-98C0-9251D7F81388}.Release|x86.Build.0 = Release|Win32
		{0050C7AB-3C91-4C9C-B73D-41059977C5F2}.Debug|x64.ActiveCfg = Debug|x64
		{0050C7AB-3C91-4C9C-B73D-41059977C5F2}.Debug|x64.Build.0 = Debug|x64
		{0050C7AB-3C91-4C9C-B73D-41059977C5F2}.Debug|x86.ActiveCfg = Debug|Win32
		{0050C7AB-3C91-4C9C-B73D-41059977C5F2}.Debug|x86.Build.0 = Debug|Win32
		{0050C7AB-3C91-4C9C-B73D-41059977C5F2}.Release|x64.ActiveCfg = Release|x64
		{0050C7AB-3C91-4C9C-B73D-41059977C5F2}.Release|x64.Build.0 = Release|x64
		{0050C7AB-3C91-4C9C-B73D-41059977C5F2}.Release|x86.ActiveCfg = Release|Win32
		{0050C7AB-3C91-4C9C-B73D-41059977C5F2}.Release|x86.Build.0 = Release|Win32
		{6D9CDA0B-1428-4B68-832E-2DE6C180579C}.Debug|x64.ActiveCfg = Debug|x64
		{6D9CDA0B-1428-4B68-832E-2DE6C180579C}.Debug|x64.Build.0 = Debug|x64
		{6D9CDA0B-1428-4B68-832E-2DE6C180579C}.Debug|x86.ActiveCfg = Debug|Win32
		{6D9CDA0B-1428-4B68-832E-2DE6C180579C}.Debug|x86.Build.0 = Debug|Win32
		{6D9CDA0B-1428-4B68-832E-2DE6C180579C}.Release|x64.ActiveCfg = Release|x64
		{6D9CDA0B-1428-4B68-832E-2DE6C180579C}.Release|x64.Build.0 = Release|x64
		{6D9CDA0B-1428-4B68-832E-2DE6C180579C}.Release|x86.ActiveCfg = Release|Win32
		{6D9CDA0B-1428-4B68-832E-2DE6C180579C}.Release|x86.Build.0 = Release|Win32
		{9C255AC0-B90C-45BE-AFFD-65D2C0300D8C}.Debug|x64.ActiveCfg = Debug|x64
		{9C255AC0-B90C-45BE-AFFD-65D2C0300D8C}.Debug|x64.Build.0 = Debug|x64
		{9C255AC0-B90C-45BE-AFFD-65D2C0300D8C}.Debug|x86.ActiveCfg = Debug|Win32
		{9C255AC0-B90C-45BE-AFFD-65D2C0300D8C}.Debug|x86.Build.0 = Debug|Win32
		{9C255AC0-B90C-45BE-AFFD-65D2C0300D8C}.Release|x64.ActiveCfg = Release|x64
		{9C255AC0-B90C-45BE-AFFD-65D2C0300D8C}.Release|x64.Build.0 = Release|x64
		{9C255AC0-B90C-45BE-AFFD-65D2C0300D8C}.Release|x86.ActiveCfg = Release|Win32
		{9C255AC0-B90C-45BE-AFFD-65D2C0300D8C}.Release|x86.Build.0 = Release|Win32
		{6F37DED1-93E3-40AE-8B2E-5055C683A201}.Debug|x64.ActiveCfg = Debug|x64
		{6F37DED1-93E3-40AE-8B2E-5055C683A201}.Debug|x64.Build.0 = Debug|x64
		{6F37DED1-93E3-40AE-8B2E-5055C683A201}.Debug|x86.ActiveCfg = Debug|Win32
		{6F37DED1-93E3-40AE-8B2E-5055C683A201}.Debug|x86.Build.0 = Debug|Win32
		{6F37DED1-93E3-40AE-8B2E-5055C683A201}.Release|x64.ActiveCfg = Release|x64
		{6F37DED1-93E3-40AE-8B2E-5055C683A201}.Release|x64.Build.0 = Release|x64
		{6F37DED1-93E3-40AE-8B2E-5055C683A201}.Release|x86.ActiveCfg = Release|Win32
		{6F37DED1-93E3-40AE-8B2E-5055C683A201}.Release|x86.Build.0 = Release|Win32
		{63AB6D2E-A4F9-43F1-8B7E-D5CA85246F30}.Debug|x64.ActiveCfg = Debug|x64
		{63AB6D2E-A4F9-43F1-8B7E-D5CA85246F30}.Debug|x64.Build.0 = Debug|x64
		{63AB6D2E-A4F9-43F1-8B7E-D5CA85246F30}.Debug|x86.ActiveCfg = Debug|Win32
		{63AB6D2E-A4F9-43F1-8B7E-D5CA85246F30}.Debug|x86.Build.0 = Debug|Win32
		{63AB6D2E-A4F9-43F1-8B7E-D5CA85246F30}.Release|x64.ActiveCfg = Release|x64
		{63AB6D2E-A4F9-43F1-8B7E-D5CA85246F30}.Release|x64.Build.0 = Release|x64
		{63AB6D2E-A4F9-43F1-8B7E-D5CA85246F30}.Release|x86.ActiveCfg = Release|Win32
		{63AB6D2E-A4F9-43F1-8B7E-D5CA85246F30}.Release|x86.Build.0 = Release|Win32
		{5F5E345B-C7D9-437B-B689-0C90FDBF64A5}.Debug|x64.ActiveCfg = Debug|x64
		{5F5E345B-C7D9-437B-B689-0C90FDBF64A5}.Debug|x64.Build.0 = Debug|x64
		{5F5E345B-C7D9-437B-B689-0C90FDBF64A5}.Debug|x86.ActiveCfg = Debug|Win32
		{5F5E345B-C7D9-437B-B689-0C90FDBF64A5}.Debug|x86.Build.0 = Debug|Win32
		{5F5E345B-C7D9-437B-B689-0C90FDBF64A5}.Release|x64.ActiveCfg = Release|x64
		{5F5E345B-C7D9-437B-B689-0C90FDBF64A5}.Release|x64.Build.0 = Release|x64
		{5F5E345B-C7D9-437B-B689-0C90FDBF64A5}.Release|x86.ActiveCfg = Release|Win32
		{5F5E345B-C7D9-437B-B689-0C90FDBF64A5}.Release|x86.Build.0 = Release|Win32
	EndGlobalSection
	GlobalSection(SolutionProperties) = preSolution
		HideSolutionNode = FALSE
	EndGlobalSection
	GlobalSection(ExtensibilityGlobals) = postSolution
		SolutionGuid = {2A39A796-AB5F-4F4C-B3D1-577CB59C4C20}
	EndGlobalSection
EndGlobal
